
Microsoft Visual Studio Solution File, Format Version 12.00
# Visual Studio Version 17
VisualStudioVersion = 17.0.31903.59
MinimumVisualStudioVersion = 10.0.40219.1
Project("{2150E333-8FDC-42A3-9474-1A3956D46DE8}") = "project-b", "project-b", "{E226F614-E485-41E5-B5F9-8687DE531ADF}"
EndProject
Project("{2150E333-8FDC-42A3-9474-1A3956D46DE8}") = "Mini_Project", "Mini_Project", "{784AC005-6E54-4800-846E-DEA76BF98A8D}"
EndProject
Project("{FAE04EC0-301F-11D3-BF4B-00C04F79EFBC}") = "Mini_project", "project-b\Mini_Project\Mini_project\Mini_project.csproj", "{301CBACF-913D-460D-825C-371CA8851910}"
EndProject
Global
	GlobalSection(SolutionConfigurationPlatforms) = preSolution
		Debug|Any CPU = Debug|Any CPU
		Release|Any CPU = Release|Any CPU
	EndGlobalSection
	GlobalSection(SolutionProperties) = preSolution
		HideSolutionNode = FALSE
	EndGlobalSection
	GlobalSection(ProjectConfigurationPlatforms) = postSolution
		{301CBACF-913D-460D-825C-371CA8851910}.Debug|Any CPU.ActiveCfg = Debug|Any CPU
		{301CBACF-913D-460D-825C-371CA8851910}.Debug|Any CPU.Build.0 = Debug|Any CPU
		{301CBACF-913D-460D-825C-371CA8851910}.Release|Any CPU.ActiveCfg = Release|Any CPU
		{301CBACF-913D-460D-825C-371CA8851910}.Release|Any CPU.Build.0 = Release|Any CPU
	EndGlobalSection
	GlobalSection(NestedProjects) = preSolution
		{784AC005-6E54-4800-846E-DEA76BF98A8D} = {E226F614-E485-41E5-B5F9-8687DE531ADF}
		{301CBACF-913D-460D-825C-371CA8851910} = {784AC005-6E54-4800-846E-DEA76BF98A8D}
	EndGlobalSection
EndGlobal
